
Microsoft Visual Studio Solution File, Format Version 12.00
# Visual Studio Version 16
VisualStudioVersion = 16.0.31515.178
MinimumVisualStudioVersion = 10.0.40219.1
Project("{FAE04EC0-301F-11D3-BF4B-00C04F79EFBC}") = "BankingExercise.Library", "BankingExercise.Library\BankingExercise.Library.csproj", "{A0A2ED0B-FBC5-48C2-8296-1F984E7CE8C8}"
EndProject
Project("{FAE04EC0-301F-11D3-BF4B-00C04F79EFBC}") = "BankingExercise.Tests", "BankingExercise.Tests\BankingExercise.Tests.csproj", "{2791FFCA-6A9C-4811-852C-FEDBE424134E}"
EndProject
Global
	GlobalSection(SolutionConfigurationPlatforms) = preSolution
		Debug|Any CPU = Debug|Any CPU
		Release|Any CPU = Release|Any CPU
	EndGlobalSection
	GlobalSection(ProjectConfigurationPlatforms) = postSolution
		{A0A2ED0B-FBC5-48C2-8296-1F984E7CE8C8}.Debug|Any CPU.ActiveCfg = Debug|Any CPU
		{A0A2ED0B-FBC5-48C2-8296-1F984E7CE8C8}.Debug|Any CPU.Build.0 = Debug|Any CPU
		{A0A2ED0B-FBC5-48C2-8296-1F984E7CE8C8}.Release|Any CPU.ActiveCfg = Release|Any CPU
		{A0A2ED0B-FBC5-48C2-8296-1F984E7CE8C8}.Release|Any CPU.Build.0 = Release|Any CPU
		{2791FFCA-6A9C-4811-852C-FEDBE424134E}.Debug|Any CPU.ActiveCfg = Debug|Any CPU
		{2791FFCA-6A9C-4811-852C-FEDBE424134E}.Debug|Any CPU.Build.0 = Debug|Any CPU
		{2791FFCA-6A9C-4811-852C-FEDBE424134E}.Release|Any CPU.ActiveCfg = Release|Any CPU
		{2791FFCA-6A9C-4811-852C-FEDBE424134E}.Release|Any CPU.Build.0 = Release|Any CPU
	EndGlobalSection
	GlobalSection(SolutionProperties) = preSolution
		HideSolutionNode = FALSE
	EndGlobalSection
	GlobalSection(ExtensibilityGlobals) = postSolution
		SolutionGuid = {1FD9B2D6-6004-488C-AF05-DD6BA95DA0C7}
	EndGlobalSection
EndGlobal
